// !$*UTF8*$!
{
	archiveVersion = 1;
	classes = {
	};
	objectVersion = 46;
	objects = {

/* Begin PBXBuildFile section */
		60DB29381E8E2B9E001149ED /* AppDelegate.swift in Sources */ = {isa = PBXBuildFile; fileRef = 60DB29371E8E2B9E001149ED /* AppDelegate.swift */; };
		60DB293A1E8E2B9E001149ED /* PhotosViewController.swift in Sources */ = {isa = PBXBuildFile; fileRef = 60DB29391E8E2B9E001149ED /* PhotosViewController.swift */; };
		60DB293D1E8E2B9E001149ED /* Main.storyboard in Resources */ = {isa = PBXBuildFile; fileRef = 60DB293B1E8E2B9E001149ED /* Main.storyboard */; };
		60DB293F1E8E2B9E001149ED /* Assets.xcassets in Resources */ = {isa = PBXBuildFile; fileRef = 60DB293E1E8E2B9E001149ED /* Assets.xcassets */; };
		60DB29421E8E2B9E001149ED /* LaunchScreen.storyboard in Resources */ = {isa = PBXBuildFile; fileRef = 60DB29401E8E2B9E001149ED /* LaunchScreen.storyboard */; };
		9402611D9A6E0ED44FEBBFB6 /* Pods_Tumblr.framework in Frameworks */ = {isa = PBXBuildFile; fileRef = B5C9F7A8716AEFA6F02BF9BD /* Pods_Tumblr.framework */; };
/* End PBXBuildFile section */

/* Begin PBXFileReference section */
		60DB29341E8E2B9E001149ED /* Tumblr.app */ = {isa = PBXFileReference; explicitFileType = wrapper.application; includeInIndex = 0; path = Tumblr.app; sourceTree = BUILT_PRODUCTS_DIR; };
		60DB29371E8E2B9E001149ED /* AppDelegate.swift */ = {isa = PBXFileReference; lastKnownFileType = sourcecode.swift; path = AppDelegate.swift; sourceTree = "<group>"; };
		60DB29391E8E2B9E001149ED /* PhotosViewController.swift */ = {isa = PBXFileReference; lastKnownFileType = sourcecode.swift; path = PhotosViewController.swift; sourceTree = "<group>"; };
		60DB293C1E8E2B9E001149ED /* Base */ = {isa = PBXFileReference; lastKnownFileType = file.storyboard; name = Base; path = Base.lproj/Main.storyboard; sourceTree = "<group>"; };
		60DB293E1E8E2B9E001149ED /* Assets.xcassets */ = {isa = PBXFileReference; lastKnownFileType = folder.assetcatalog; path = Assets.xcassets; sourceTree = "<group>"; };
		60DB29411E8E2B9E001149ED /* Base */ = {isa = PBXFileReference; lastKnownFileType = file.storyboard; name = Base; path = Base.lproj/LaunchScreen.storyboard; sourceTree = "<group>"; };
		60DB29431E8E2B9E001149ED /* Info.plist */ = {isa = PBXFileReference; lastKnownFileType = text.plist.xml; path = Info.plist; sourceTree = "<group>"; };
		B5C9F7A8716AEFA6F02BF9BD /* Pods_Tumblr.framework */ = {isa = PBXFileReference; explicitFileType = wrapper.framework; includeInIndex = 0; path = Pods_Tumblr.framework; sourceTree = BUILT_PRODUCTS_DIR; };
		CDAD2083E358977E42874968 /* Pods-Tumblr.debug.xcconfig */ = {isa = PBXFileReference; includeInIndex = 1; lastKnownFileType = text.xcconfig; name = "Pods-Tumblr.debug.xcconfig"; path = "Pods/Target Support Files/Pods-Tumblr/Pods-Tumblr.debug.xcconfig"; sourceTree = "<group>"; };
		F6E6330F4106FDFF04714EA4 /* Pods-Tumblr.release.xcconfig */ = {isa = PBXFileReference; includeInIndex = 1; lastKnownFileType = text.xcconfig; name = "Pods-Tumblr.release.xcconfig"; path = "Pods/Target Support Files/Pods-Tumblr/Pods-Tumblr.release.xcconfig"; sourceTree = "<group>"; };
/* End PBXFileReference section */

/* Begin PBXFrameworksBuildPhase section */
		60DB29311E8E2B9E001149ED /* Frameworks */ = {
			isa = PBXFrameworksBuildPhase;
			buildActionMask = 2147483647;
			files = (
				9402611D9A6E0ED44FEBBFB6 /* Pods_Tumblr.framework in Frameworks */,
			);
			runOnlyForDeploymentPostprocessing = 0;
		};
/* End PBXFrameworksBuildPhase section */

/* Begin PBXGroup section */
		21C35A9E409F1DE5D496705E /* Frameworks */ = {
			isa = PBXGroup;
			children = (
				B5C9F7A8716AEFA6F02BF9BD /* Pods_Tumblr.framework */,
			);
			name = Frameworks;
			sourceTree = "<group>";
		};
		60DB292B1E8E2B9E001149ED = {
			isa = PBXGroup;
			children = (
				60DB29361E8E2B9E001149ED /* Tumblr */,
				60DB29351E8E2B9E001149ED /* Products */,
				F45D4A05E6F7B08867ED0329 /* Pods */,
				21C35A9E409F1DE5D496705E /* Frameworks */,
			);
			sourceTree = "<group>";
		};
		60DB29351E8E2B9E001149ED /* Products */ = {
			isa = PBXGroup;
			children = (
				60DB29341E8E2B9E001149ED /* Tumblr.app */,
			);
			name = Products;
			sourceTree = "<group>";
		};
		60DB29361E8E2B9E001149ED /* Tumblr */ = {
			isa = PBXGroup;
			children = (
				60DB29371E8E2B9E001149ED /* AppDelegate.swift */,
				60DB29391E8E2B9E001149ED /* PhotosViewController.swift */,
				60DB293B1E8E2B9E001149ED /* Main.storyboard */,
				60DB293E1E8E2B9E001149ED /* Assets.xcassets */,
				60DB29401E8E2B9E001149ED /* LaunchScreen.storyboard */,
				60DB29431E8E2B9E001149ED /* Info.plist */,
			);
			path = Tumblr;
			sourceTree = "<group>";
		};
		F45D4A05E6F7B08867ED0329 /* Pods */ = {
			isa = PBXGroup;
			children = (
				CDAD2083E358977E42874968 /* Pods-Tumblr.debug.xcconfig */,
				F6E6330F4106FDFF04714EA4 /* Pods-Tumblr.release.xcconfig */,
			);
			name = Pods;
			sourceTree = "<group>";
		};
/* End PBXGroup section */

/* Begin PBXNativeTarget section */
		60DB29331E8E2B9E001149ED /* Tumblr */ = {
			isa = PBXNativeTarget;
			buildConfigurationList = 60DB29461E8E2B9E001149ED /* Build configuration list for PBXNativeTarget "Tumblr" */;
			buildPhases = (
				8BCDC9CEED217EA0C52740E9 /* [CP] Check Pods Manifest.lock */,
				60DB29301E8E2B9E001149ED /* Sources */,
				60DB29311E8E2B9E001149ED /* Frameworks */,
				60DB29321E8E2B9E001149ED /* Resources */,
				CBAD2EE5FDB5CF0D32A6C953 /* [CP] Embed Pods Frameworks */,
				ECCD0D0F428030B1E817BBD9 /* [CP] Copy Pods Resources */,
			);
			buildRules = (
			);
			dependencies = (
			);
			name = Tumblr;
			productName = Tumblr;
			productReference = 60DB29341E8E2B9E001149ED /* Tumblr.app */;
			productType = "com.apple.product-type.application";
		};
/* End PBXNativeTarget section */

/* Begin PBXProject section */
		60DB292C1E8E2B9E001149ED /* Project object */ = {
			isa = PBXProject;
			attributes = {
				LastSwiftUpdateCheck = 0820;
				LastUpgradeCheck = 0820;
				ORGANIZATIONNAME = "Luis Rocha";
				TargetAttributes = {
					60DB29331E8E2B9E001149ED = {
						CreatedOnToolsVersion = 8.2.1;
						ProvisioningStyle = Automatic;
					};
				};
			};
			buildConfigurationList = 60DB292F1E8E2B9E001149ED /* Build configuration list for PBXProject "Tumblr" */;
			compatibilityVersion = "Xcode 3.2";
			developmentRegion = English;
			hasScannedForEncodings = 0;
			knownRegions = (
				en,
				Base,
			);
			mainGroup = 60DB292B1E8E2B9E001149ED;
			productRefGroup = 60DB29351E8E2B9E001149ED /* Products */;
			projectDirPath = "";
			projectRoot = "";
			targets = (
				60DB29331E8E2B9E001149ED /* Tumblr */,
			);
		};
/* End PBXProject section */

/* Begin PBXResourcesBuildPhase section */
		60DB29321E8E2B9E001149ED /* Resources */ = {
			isa = PBXResourcesBuildPhase;
			buildActionMask = 2147483647;
			files = (
				60DB29421E8E2B9E001149ED /* LaunchScreen.storyboard in Resources */,
				60DB293F1E8E2B9E001149ED /* Assets.xcassets in Resources */,
				60DB293D1E8E2B9E001149ED /* Main.storyboard in Resources */,
			);
			runOnlyForDeploymentPostprocessing = 0;
		};
/* End PBXResourcesBuildPhase section */

/* Begin PBXShellScriptBuildPhase section */
		8BCDC9CEED217EA0C52740E9 /* [CP] Check Pods Manifest.lock */ = {
			isa = PBXShellScriptBuildPhase;
			buildActionMask = 2147483647;
			files = (
			);
			inputPaths = (
			);
			name = "[CP] Check Pods Manifest.lock";
			outputPaths = (
			);
			runOnlyForDeploymentPostprocessing = 0;
			shellPath = /bin/sh;
			shellScript = "diff \"${PODS_ROOT}/../Podfile.lock\" \"${PODS_ROOT}/Manifest.lock\" > /dev/null\nif [ $? != 0 ] ; then\n    # print error to STDERR\n    echo \"error: The sandbox is not in sync with the Podfile.lock. Run 'pod install' or update your CocoaPods installation.\" >&2\n    exit 1\nfi\n";
			showEnvVarsInLog = 0;
		};
		CBAD2EE5FDB5CF0D32A6C953 /* [CP] Embed Pods Frameworks */ = {
			isa = PBXShellScriptBuildPhase;
			buildActionMask = 2147483647;
			files = (
			);
			inputPaths = (
			);
			name = "[CP] Embed Pods Frameworks";
			outputPaths = (
			);
			runOnlyForDeploymentPostprocessing = 0;
			shellPath = /bin/sh;
			shellScript = "\"${SRCROOT}/Pods/Target Support Files/Pods-Tumblr/Pods-Tumblr-frameworks.sh\"\n";
			showEnvVarsInLog = 0;
		};
		ECCD0D0F428030B1E817BBD9 /* [CP] Copy Pods Resources */ = {
			isa = PBXShellScriptBuildPhase;
			buildActionMask = 2147483647;
			files = (
			);
			inputPaths = (
			);
			name = "[CP] Copy Pods Resources";
			outputPaths = (
			);
			runOnlyForDeploymentPostprocessing = 0;
			shellPath = /bin/sh;
			shellScript = "\"${SRCROOT}/Pods/Target Support Files/Pods-Tumblr/Pods-Tumblr-resources.sh\"\n";
			showEnvVarsInLog = 0;
		};
/* End PBXShellScriptBuildPhase section */

/* Begin PBXSourcesBuildPhase section */
		60DB29301E8E2B9E001149ED /* Sources */ = {
			isa = PBXSourcesBuildPhase;
			buildActionMask = 2147483647;
			files = (
				60DB293A1E8E2B9E001149ED /* PhotosViewController.swift in Sources */,
				60DB29381E8E2B9E001149ED /* AppDelegate.swift in Sources */,
			);
			runOnlyForDeploymentPostprocessing = 0;
		};
/* End PBXSourcesBuildPhase section */

/* Begin PBXVariantGroup section */
		60DB293B1E8E2B9E001149ED /* Main.storyboard */ = {
			isa = PBXVariantGroup;
			children = (
				60DB293C1E8E2B9E001149ED /* Base */,
			);
			name = Main.storyboard;
			sourceTree = "<group>";
		};
		60DB29401E8E2B9E001149ED /* LaunchScreen.storyboard */ = {
			isa = PBXVariantGroup;
			children = (
				60DB29411E8E2B9E001149ED /* Base */,
			);
			name = LaunchScreen.storyboard;
			sourceTree = "<group>";
		};
/* End PBXVariantGroup section */

/* Begin XCBuildConfiguration section */
		60DB29441E8E2B9E001149ED /* Debug */ = {
			isa = XCBuildConfiguration;
			buildSettings = {
				ALWAYS_SEARCH_USER_PATHS = NO;
				CLANG_ANALYZER_NONNULL = YES;
				CLANG_CXX_LANGUAGE_STANDARD = "gnu++0x";
				CLANG_CXX_LIBRARY = "libc++";
				CLANG_ENABLE_MODULES = YES;
				CLANG_ENABLE_OBJC_ARC = YES;
				CLANG_WARN_BOOL_CONVERSION = YES;
				CLANG_WARN_CONSTANT_CONVERSION = YES;
				CLANG_WARN_DIRECT_OBJC_ISA_USAGE = YES_ERROR;
				CLANG_WARN_DOCUMENTATION_COMMENTS = YES;
				CLANG_WARN_EMPTY_BODY = YES;
				CLANG_WARN_ENUM_CONVERSION = YES;
				CLANG_WARN_INFINITE_RECURSION = YES;
				CLANG_WARN_INT_CONVERSION = YES;
				CLANG_WARN_OBJC_ROOT_CLASS = YES_ERROR;
				CLANG_WARN_SUSPICIOUS_MOVE = YES;
				CLANG_WARN_UNREACHABLE_CODE = YES;
				CLANG_WARN__DUPLICATE_METHOD_MATCH = YES;
				"CODE_SIGN_IDENTITY[sdk=iphoneos*]" = "iPhone Developer";
				COPY_PHASE_STRIP = NO;
				DEBUG_INFORMATION_FORMAT = dwarf;
				ENABLE_STRICT_OBJC_MSGSEND = YES;
				ENABLE_TESTABILITY = YES;
				GCC_C_LANGUAGE_STANDARD = gnu99;
				GCC_DYNAMIC_NO_PIC = NO;
				GCC_NO_COMMON_BLOCKS = YES;
				GCC_OPTIMIZATION_LEVEL = 0;
				GCC_PREPROCESSOR_DEFINITIONS = (
					"DEBUG=1",
					"$(inherited)",
				);
				GCC_WARN_64_TO_32_BIT_CONVERSION = YES;
				GCC_WARN_ABOUT_RETURN_TYPE = YES_ERROR;
				GCC_WARN_UNDECLARED_SELECTOR = YES;
				GCC_WARN_UNINITIALIZED_AUTOS = YES_AGGRESSIVE;
				GCC_WARN_UNUSED_FUNCTION = YES;
				GCC_WARN_UNUSED_VARIABLE = YES;
				IPHONEOS_DEPLOYMENT_TARGET = 10.2;
				MTL_ENABLE_DEBUG_INFO = YES;
				ONLY_ACTIVE_ARCH = YES;
				SDKROOT = iphoneos;
				SWIFT_ACTIVE_COMPILATION_CONDITIONS = DEBUG;
				SWIFT_OPTIMIZATION_LEVEL = "-Onone";
			};
			name = Debug;
		};
		60DB29451E8E2B9E001149ED /* Release */ = {
			isa = XCBuildConfiguration;
			buildSettings = {
				ALWAYS_SEARCH_USER_PATHS = NO;
				CLANG_ANALYZER_NONNULL = YES;
				CLANG_CXX_LANGUAGE_STANDARD = "gnu++0x";
				CLANG_CXX_LIBRARY = "libc++";
				CLANG_ENABLE_MODULES = YES;
				CLANG_ENABLE_OBJC_ARC = YES;
				CLANG_WARN_BOOL_CONVERSION = YES;
				CLANG_WARN_CONSTANT_CONVERSION = YES;
				CLANG_WARN_DIRECT_OBJC_ISA_USAGE = YES_ERROR;
				CLANG_WARN_DOCUMENTATION_COMMENTS = YES;
				CLANG_WARN_EMPTY_BODY = YES;
				CLANG_WARN_ENUM_CONVERSION = YES;
				CLANG_WARN_INFINITE_RECURSION = YES;
				CLANG_WARN_INT_CONVERSION = YES;
				CLANG_WARN_OBJC_ROOT_CLASS = YES_ERROR;
				CLANG_WARN_SUSPICIOUS_MOVE = YES;
				CLANG_WARN_UNREACHABLE_CODE = YES;
				CLANG_WARN__DUPLICATE_METHOD_MATCH = YES;
				"CODE_SIGN_IDENTITY[sdk=iphoneos*]" = "iPhone Developer";
				COPY_PHASE_STRIP = NO;
				DEBUG_INFORMATION_FORMAT = "dwarf-with-dsym";
				ENABLE_NS_ASSERTIONS = NO;
				ENABLE_STRICT_OBJC_MSGSEND = YES;
				GCC_C_LANGUAGE_STANDARD = gnu99;
				GCC_NO_COMMON_BLOCKS = YES;
				GCC_WARN_64_TO_32_BIT_CONVERSION = YES;
				GCC_WARN_ABOUT_RETURN_TYPE = YES_ERROR;
				GCC_WARN_UNDECLARED_SELECTOR = YES;
				GCC_WARN_UNINITIALIZED_AUTOS = YES_AGGRESSIVE;
				GCC_WARN_UNUSED_FUNCTION = YES;
				GCC_WARN_UNUSED_VARIABLE = YES;
				IPHONEOS_DEPLOYMENT_TARGET = 10.2;
				MTL_ENABLE_DEBUG_INFO = NO;
				SDKROOT = iphoneos;
				SWIFT_OPTIMIZATION_LEVEL = "-Owholemodule";
				VALIDATE_PRODUCT = YES;
			};
			name = Release;
		};
		60DB29471E8E2B9E001149ED /* Debug */ = {
			isa = XCBuildConfiguration;
			baseConfigurationReference = CDAD2083E358977E42874968 /* Pods-Tumblr.debug.xcconfig */;
			buildSettings = {
				ASSETCATALOG_COMPILER_APPICON_NAME = AppIcon;
				INFOPLIST_FILE = Tumblr/Info.plist;
				LD_RUNPATH_SEARCH_PATHS = "$(inherited) @executable_path/Frameworks";
				PRODUCT_BUNDLE_IDENTIFIER = com.github.lerocha.Tumblr;
				PRODUCT_NAME = "$(TARGET_NAME)";
				SWIFT_VERSION = 3.0;
			};
			name = Debug;
		};
		60DB29481E8E2B9E001149ED /* Release */ = {
			isa = XCBuildConfiguration;
			baseConfigurationReference = F6E6330F4106FDFF04714EA4 /* Pods-Tumblr.release.xcconfig */;
			buildSettings = {
				ASSETCATALOG_COMPILER_APPICON_NAME = AppIcon;
				INFOPLIST_FILE = Tumblr/Info.plist;
				LD_RUNPATH_SEARCH_PATHS = "$(inherited) @executable_path/Frameworks";
				PRODUCT_BUNDLE_IDENTIFIER = com.github.lerocha.Tumblr;
				PRODUCT_NAME = "$(TARGET_NAME)";
				SWIFT_VERSION = 3.0;
			};
			name = Release;
		};
/* End XCBuildConfiguration section */

/* Begin XCConfigurationList section */
		60DB292F1E8E2B9E001149ED /* Build configuration list for PBXProject "Tumblr" */ = {
			isa = XCConfigurationList;
			buildConfigurations = (
				60DB29441E8E2B9E001149ED /* Debug */,
				60DB29451E8E2B9E001149ED /* Release */,
			);
			defaultConfigurationIsVisible = 0;
			defaultConfigurationName = Release;
		};
		60DB29461E8E2B9E001149ED /* Build configuration list for PBXNativeTarget "Tumblr" */ = {
			isa = XCConfigurationList;
			buildConfigurations = (
				60DB29471E8E2B9E001149ED /* Debug */,
				60DB29481E8E2B9E001149ED /* Release */,
			);
			defaultConfigurationIsVisible = 0;
			defaultConfigurationName = Release;
		};
/* End XCConfigurationList section */
	};
	rootObject = 60DB292C1E8E2B9E001149ED /* Project object */;
}
